
Microsoft Visual Studio Solution File, Format Version 12.00
# Visual Studio Version 17
VisualStudioVersion = 17.5.002.0
MinimumVisualStudioVersion = 10.0.40219.1
Project("{9A19103F-16F7-4668-BE54-9A1E7A4F7556}") = "licenceApp", "licenceApp.csproj", "{DFF57628-1D06-409F-A992-5660650186EC}"
EndProject
Global
	GlobalSection(SolutionConfigurationPlatforms) = preSolution
		Debug|Any CPU = Debug|Any CPU
		Release|Any CPU = Release|Any CPU
	EndGlobalSection
	GlobalSection(ProjectConfigurationPlatforms) = postSolution
		{DFF57628-1D06-409F-A992-5660650186EC}.Debug|Any CPU.ActiveCfg = Debug|Any CPU
		{DFF57628-1D06-409F-A992-5660650186EC}.Debug|Any CPU.Build.0 = Debug|Any CPU
		{DFF57628-1D06-409F-A992-5660650186EC}.Release|Any CPU.ActiveCfg = Release|Any CPU
		{DFF57628-1D06-409F-A992-5660650186EC}.Release|Any CPU.Build.0 = Release|Any CPU
	EndGlobalSection
	GlobalSection(SolutionProperties) = preSolution
		HideSolutionNode = FALSE
	EndGlobalSection
	GlobalSection(ExtensibilityGlobals) = postSolution
		SolutionGuid = {0B70AAAC-EE74-4BAD-8C1A-EA8A1729A3A1}
	EndGlobalSection
EndGlobal
